
Microsoft Visual Studio Solution File, Format Version 12.00
# Visual Studio 15
VisualStudioVersion = 15.0.26730.8
MinimumVisualStudioVersion = 10.0.40219.1
Project("{FAE04EC0-301F-11D3-BF4B-00C04F79EFBC}") = "ServiceStatusApp", "ServiceStatusApp\ServiceStatusApp.csproj", "{C432A7C6-BA37-4363-8223-376053B99550}"
EndProject
Global
	GlobalSection(SolutionConfigurationPlatforms) = preSolution
		Debug|Any CPU = Debug|Any CPU
		Release|Any CPU = Release|Any CPU
	EndGlobalSection
	GlobalSection(ProjectConfigurationPlatforms) = postSolution
		{C432A7C6-BA37-4363-8223-376053B99550}.Debug|Any CPU.ActiveCfg = Debug|Any CPU
		{C432A7C6-BA37-4363-8223-376053B99550}.Debug|Any CPU.Build.0 = Debug|Any CPU
		{C432A7C6-BA37-4363-8223-376053B99550}.Release|Any CPU.ActiveCfg = Release|Any CPU
		{C432A7C6-BA37-4363-8223-376053B99550}.Release|Any CPU.Build.0 = Release|Any CPU
	EndGlobalSection
	GlobalSection(SolutionProperties) = preSolution
		HideSolutionNode = FALSE
	EndGlobalSection
	GlobalSection(ExtensibilityGlobals) = postSolution
		SolutionGuid = {640B9EA4-5419-4AC8-887C-AE888E270052}
	EndGlobalSection
EndGlobal
